
Microsoft Visual Studio Solution File, Format Version 12.00
# Visual Studio Version 17
VisualStudioVersion = 17.5.33627.172
MinimumVisualStudioVersion = 10.0.40219.1
Project("{FAE04EC0-301F-11D3-BF4B-00C04F79EFBC}") = "net7-ef", "net7-ef.csproj", "{A05678C9-0873-47DC-B026-E2C437588B36}"
EndProject
Global
	GlobalSection(SolutionConfigurationPlatforms) = preSolution
		Debug|Any CPU = Debug|Any CPU
		Release|Any CPU = Release|Any CPU
	EndGlobalSection
	GlobalSection(ProjectConfigurationPlatforms) = postSolution
		{A05678C9-0873-47DC-B026-E2C437588B36}.Debug|Any CPU.ActiveCfg = Debug|Any CPU
		{A05678C9-0873-47DC-B026-E2C437588B36}.Debug|Any CPU.Build.0 = Debug|Any CPU
		{A05678C9-0873-47DC-B026-E2C437588B36}.Release|Any CPU.ActiveCfg = Release|Any CPU
		{A05678C9-0873-47DC-B026-E2C437588B36}.Release|Any CPU.Build.0 = Release|Any CPU
	EndGlobalSection
	GlobalSection(SolutionProperties) = preSolution
		HideSolutionNode = FALSE
	EndGlobalSection
	GlobalSection(ExtensibilityGlobals) = postSolution
		SolutionGuid = {FD4FCC4E-3AA2-4D7A-ADE1-91E1FD5E5459}
	EndGlobalSection
EndGlobal
